schema: '2.0'
stages:
  create_model:
    cmd: pipenv run create
    deps:
    - path: data/test.tsv
      md5: f06925444bd9e4b12b382e0e267345a7
      size: 1041379
    - path: data/train.tsv
      md5: 2502592a16c44c1e33cb827b2a647406
      size: 7196138
    - path: data/validation.tsv
      md5: 508e1de849c33ba2f38f0b118590a4cd
      size: 2166270
    outs:
    - path: output/binarizer.pkl
      md5: 607b70217f89a1955248bd12833026e9
      size: 1881
    - path: output/classifier.pkl
      md5: 8744990f301fa4feb64e2af66cc3c308
      size: 14666649
    - path: output/evaluation.json
      md5: c762cf4d50e2d51ed61ab1e0e3ded6a8
      size: 136
    - path: output/vectorizer.pkl
      md5: c7ff087f9d7018b2efd04dbc71efc605
      size: 5381462
  get_data:
    cmd: pipenv run download_data
    deps:
    - path: config.yaml
      md5: 9a70f265013d5a32ff7c8fded536a0c0
      size: 289
    - path: src/data/download_files.py
      md5: 1327adf6f4a63008af2a1759ed87c8fa
      size: 653
    outs:
    - path: data/test.tsv
      md5: f06925444bd9e4b12b382e0e267345a7
      size: 1041379
    - path: data/train.tsv
      md5: 2502592a16c44c1e33cb827b2a647406
      size: 7196138
    - path: data/validation.tsv
      md5: 508e1de849c33ba2f38f0b118590a4cd
      size: 2166270
